
Microsoft Visual Studio Solution File, Format Version 12.00
# Visual Studio Version 17
VisualStudioVersion = 17.5.002.0
MinimumVisualStudioVersion = 10.0.40219.1
Project("{9A19103F-16F7-4668-BE54-9A1E7A4F7556}") = "Lab1", "Lab1.csproj", "{BE5E1043-1B83-4A55-84B8-E02D0326803A}"
EndProject
Global
	GlobalSection(SolutionConfigurationPlatforms) = preSolution
		Debug|Any CPU = Debug|Any CPU
		Release|Any CPU = Release|Any CPU
	EndGlobalSection
	GlobalSection(ProjectConfigurationPlatforms) = postSolution
		{BE5E1043-1B83-4A55-84B8-E02D0326803A}.Debug|Any CPU.ActiveCfg = Debug|Any CPU
		{BE5E1043-1B83-4A55-84B8-E02D0326803A}.Debug|Any CPU.Build.0 = Debug|Any CPU
		{BE5E1043-1B83-4A55-84B8-E02D0326803A}.Release|Any CPU.ActiveCfg = Release|Any CPU
		{BE5E1043-1B83-4A55-84B8-E02D0326803A}.Release|Any CPU.Build.0 = Release|Any CPU
	EndGlobalSection
	GlobalSection(SolutionProperties) = preSolution
		HideSolutionNode = FALSE
	EndGlobalSection
	GlobalSection(ExtensibilityGlobals) = postSolution
		SolutionGuid = {BAB4EBA3-307D-422A-9CE1-513D6B62F482}
	EndGlobalSection
EndGlobal
